
Microsoft Visual Studio Solution File, Format Version 11.00
# Visual Studio 2010
Project("{F184B08F-C81C-45F6-A57F-5ABD9991F28F}") = "Programming Example 6 - Pool Table", "Programming Example 6 - Pool Table\Programming Example 6 - Pool Table.vbproj", "{1F6F1419-323A-4FA1-98BF-B265E4C6FAF3}"
EndProject
Global
	GlobalSection(SolutionConfigurationPlatforms) = preSolution
		Debug|x86 = Debug|x86
		Release|x86 = Release|x86
	EndGlobalSection
	GlobalSection(ProjectConfigurationPlatforms) = postSolution
		{1F6F1419-323A-4FA1-98BF-B265E4C6FAF3}.Debug|x86.ActiveCfg = Debug|x86
		{1F6F1419-323A-4FA1-98BF-B265E4C6FAF3}.Debug|x86.Build.0 = Debug|x86
		{1F6F1419-323A-4FA1-98BF-B265E4C6FAF3}.Release|x86.ActiveCfg = Release|x86
		{1F6F1419-323A-4FA1-98BF-B265E4C6FAF3}.Release|x86.Build.0 = Release|x86
	EndGlobalSection
	GlobalSection(SolutionProperties) = preSolution
		HideSolutionNode = FALSE
	EndGlobalSection
EndGlobal
