
Microsoft Visual Studio Solution File, Format Version 11.00
# Visual Studio 2010
Project("{F184B08F-C81C-45F6-A57F-5ABD9991F28F}") = "Programming Example 1 - Hello World", "Programming Example 1 - Hello World\Programming Example 1 - Hello World.vbproj", "{E113ECC3-0BDF-441B-9BE4-1C41BF7B5A7A}"
EndProject
Global
	GlobalSection(SolutionConfigurationPlatforms) = preSolution
		Debug|x86 = Debug|x86
		Release|x86 = Release|x86
	EndGlobalSection
	GlobalSection(ProjectConfigurationPlatforms) = postSolution
		{E113ECC3-0BDF-441B-9BE4-1C41BF7B5A7A}.Debug|x86.ActiveCfg = Debug|x86
		{E113ECC3-0BDF-441B-9BE4-1C41BF7B5A7A}.Debug|x86.Build.0 = Debug|x86
		{E113ECC3-0BDF-441B-9BE4-1C41BF7B5A7A}.Release|x86.ActiveCfg = Release|x86
		{E113ECC3-0BDF-441B-9BE4-1C41BF7B5A7A}.Release|x86.Build.0 = Release|x86
	EndGlobalSection
	GlobalSection(SolutionProperties) = preSolution
		HideSolutionNode = FALSE
	EndGlobalSection
EndGlobal
